
Microsoft Visual Studio Solution File, Format Version 12.00
# Visual Studio Version 17
VisualStudioVersion = 17.7.34221.43
MinimumVisualStudioVersion = 10.0.40219.1
Project("{9A19103F-16F7-4668-BE54-9A1E7A4F7556}") = "Metotlar", "CSharpIntro\Metotlar.csproj", "{229F6602-E839-4295-9F21-58E7596616DD}"
EndProject
Project("{9A19103F-16F7-4668-BE54-9A1E7A4F7556}") = "Matematik", "Matematik\Matematik.csproj", "{193C5848-E554-4398-A335-42EEFE85FA94}"
EndProject
Project("{9A19103F-16F7-4668-BE54-9A1E7A4F7556}") = "DegerVeReferansTipler", "DegerVeReferansTipler\DegerVeReferansTipler.csproj", "{0DEF0515-5247-434A-A9B5-DE32CF2C3A37}"
EndProject
Project("{9A19103F-16F7-4668-BE54-9A1E7A4F7556}") = "OOP1", "OOP1\OOP1.csproj", "{F5EEA090-E8CA-4603-8AE5-73EE105606FD}"
EndProject
Project("{9A19103F-16F7-4668-BE54-9A1E7A4F7556}") = "Koleksiyonlar", "Koleksiyonlar\Koleksiyonlar.csproj", "{756A3FA1-7606-4261-ADBB-BF92E8EDD87A}"
EndProject
Project("{9A19103F-16F7-4668-BE54-9A1E7A4F7556}") = "GenericsIntro", "GenericsIntro\GenericsIntro.csproj", "{9080EB87-4C21-418E-B0B1-211AFF7EB83F}"
EndProject
Project("{9A19103F-16F7-4668-BE54-9A1E7A4F7556}") = "OOP2", "OOP2\OOP2.csproj", "{BE1C3CD5-191E-4C83-8E64-202421F37222}"
EndProject
Project("{FAE04EC0-301F-11D3-BF4B-00C04F79EFBC}") = "OOP3", "OOP3\OOP3.csproj", "{1EE25ADA-467E-4AAB-B0B7-58A4B1A6AD71}"
EndProject
Global
	GlobalSection(SolutionConfigurationPlatforms) = preSolution
		Debug|Any CPU = Debug|Any CPU
		Release|Any CPU = Release|Any CPU
	EndGlobalSection
	GlobalSection(ProjectConfigurationPlatforms) = postSolution
		{229F6602-E839-4295-9F21-58E7596616DD}.Debug|Any CPU.ActiveCfg = Debug|Any CPU
		{229F6602-E839-4295-9F21-58E7596616DD}.Debug|Any CPU.Build.0 = Debug|Any CPU
		{229F6602-E839-4295-9F21-58E7596616DD}.Release|Any CPU.ActiveCfg = Release|Any CPU
		{229F6602-E839-4295-9F21-58E7596616DD}.Release|Any CPU.Build.0 = Release|Any CPU
		{193C5848-E554-4398-A335-42EEFE85FA94}.Debug|Any CPU.ActiveCfg = Debug|Any CPU
		{193C5848-E554-4398-A335-42EEFE85FA94}.Debug|Any CPU.Build.0 = Debug|Any CPU
		{193C5848-E554-4398-A335-42EEFE85FA94}.Release|Any CPU.ActiveCfg = Release|Any CPU
		{193C5848-E554-4398-A335-42EEFE85FA94}.Release|Any CPU.Build.0 = Release|Any CPU
		{0DEF0515-5247-434A-A9B5-DE32CF2C3A37}.Debug|Any CPU.ActiveCfg = Debug|Any CPU
		{0DEF0515-5247-434A-A9B5-DE32CF2C3A37}.Debug|Any CPU.Build.0 = Debug|Any CPU
		{0DEF0515-5247-434A-A9B5-DE32CF2C3A37}.Release|Any CPU.ActiveCfg = Release|Any CPU
		{0DEF0515-5247-434A-A9B5-DE32CF2C3A37}.Release|Any CPU.Build.0 = Release|Any CPU
		{F5EEA090-E8CA-4603-8AE5-73EE105606FD}.Debug|Any CPU.ActiveCfg = Debug|Any CPU
		{F5EEA090-E8CA-4603-8AE5-73EE105606FD}.Debug|Any CPU.Build.0 = Debug|Any CPU
		{F5EEA090-E8CA-4603-8AE5-73EE105606FD}.Release|Any CPU.ActiveCfg = Release|Any CPU
		{F5EEA090-E8CA-4603-8AE5-73EE105606FD}.Release|Any CPU.Build.0 = Release|Any CPU
		{756A3FA1-7606-4261-ADBB-BF92E8EDD87A}.Debug|Any CPU.ActiveCfg = Debug|Any CPU
		{756A3FA1-7606-4261-ADBB-BF92E8EDD87A}.Debug|Any CPU.Build.0 = Debug|Any CPU
		{756A3FA1-7606-4261-ADBB-BF92E8EDD87A}.Release|Any CPU.ActiveCfg = Release|Any CPU
		{756A3FA1-7606-4261-ADBB-BF92E8EDD87A}.Release|Any CPU.Build.0 = Release|Any CPU
		{9080EB87-4C21-418E-B0B1-211AFF7EB83F}.Debug|Any CPU.ActiveCfg = Debug|Any CPU
		{9080EB87-4C21-418E-B0B1-211AFF7EB83F}.Debug|Any CPU.Build.0 = Debug|Any CPU
		{9080EB87-4C21-418E-B0B1-211AFF7EB83F}.Release|Any CPU.ActiveCfg = Release|Any CPU
		{9080EB87-4C21-418E-B0B1-211AFF7EB83F}.Release|Any CPU.Build.0 = Release|Any CPU
		{BE1C3CD5-191E-4C83-8E64-202421F37222}.Debug|Any CPU.ActiveCfg = Debug|Any CPU
		{BE1C3CD5-191E-4C83-8E64-202421F37222}.Debug|Any CPU.Build.0 = Debug|Any CPU
		{BE1C3CD5-191E-4C83-8E64-202421F37222}.Release|Any CPU.ActiveCfg = Release|Any CPU
		{BE1C3CD5-191E-4C83-8E64-202421F37222}.Release|Any CPU.Build.0 = Release|Any CPU
		{1EE25ADA-467E-4AAB-B0B7-58A4B1A6AD71}.Debug|Any CPU.ActiveCfg = Debug|Any CPU
		{1EE25ADA-467E-4AAB-B0B7-58A4B1A6AD71}.Debug|Any CPU.Build.0 = Debug|Any CPU
		{1EE25ADA-467E-4AAB-B0B7-58A4B1A6AD71}.Release|Any CPU.ActiveCfg = Release|Any CPU
		{1EE25ADA-467E-4AAB-B0B7-58A4B1A6AD71}.Release|Any CPU.Build.0 = Release|Any CPU
	EndGlobalSection
	GlobalSection(SolutionProperties) = preSolution
		HideSolutionNode = FALSE
	EndGlobalSection
	GlobalSection(ExtensibilityGlobals) = postSolution
		SolutionGuid = {F43EB74B-6A88-4B81-B87C-D210267D2B32}
	EndGlobalSection
EndGlobal
